
Microsoft Visual Studio Solution File, Format Version 12.00
# Visual Studio 14
VisualStudioVersion = 14.0.24720.0
MinimumVisualStudioVersion = 10.0.40219.1
Project("{FAE04EC0-301F-11D3-BF4B-00C04F79EFBC}") = "TestBLOBStore", "WindowsFormsApplication2\TestBLOBStore.csproj", "{5A7A8032-2DC2-44A0-86A3-D991D0E8495E}"
EndProject
Project("{FAE04EC0-301F-11D3-BF4B-00C04F79EFBC}") = "BRLogging", "Logging\BRLogging.csproj", "{49825491-E43D-4ABF-A9E2-E8C482B1D49A}"
EndProject
Project("{FAE04EC0-301F-11D3-BF4B-00C04F79EFBC}") = "BRConfig", "Config\BRConfig.csproj", "{4F4397E6-9D80-4EC3-B2F9-B353132F6691}"
EndProject
Project("{FAE04EC0-301F-11D3-BF4B-00C04F79EFBC}") = "BLOBRepoService", "BLOBRepoService\BLOBRepoService.csproj", "{CCCC18BC-A9B7-4D7A-92AF-FDAD1427F07A}"
	ProjectSection(ProjectDependencies) = postProject
		{5A7A8032-2DC2-44A0-86A3-D991D0E8495E} = {5A7A8032-2DC2-44A0-86A3-D991D0E8495E}
	EndProjectSection
EndProject
Project("{FAE04EC0-301F-11D3-BF4B-00C04F79EFBC}") = "BRDataAccess", "DataAccess\BRDataAccess.csproj", "{6B43AD7C-FA1C-411E-A535-C0226C675077}"
EndProject
Project("{FAE04EC0-301F-11D3-BF4B-00C04F79EFBC}") = "IBRConfig", "IBRConfig\IBRConfig.csproj", "{D47A29E6-90BF-4201-91F2-B1C2884B385D}"
EndProject
Project("{FAE04EC0-301F-11D3-BF4B-00C04F79EFBC}") = "IBRLogging", "IBRLogging\IBRLogging.csproj", "{17AAF3CF-ADCE-4B13-B4A9-56931BB1C83C}"
EndProject
Project("{FAE04EC0-301F-11D3-BF4B-00C04F79EFBC}") = "BLOBDocument", "BLOBDocument\BLOBDocument.csproj", "{0A489CF2-AAFD-48BF-BC1D-2EE968839BC9}"
EndProject
Project("{FAE04EC0-301F-11D3-BF4B-00C04F79EFBC}") = "IBRDataAccess", "IBRDataAccess\IBRDataAccess.csproj", "{C1E06C68-8AA1-46BF-8218-A81FA40660AD}"
EndProject
Project("{FAE04EC0-301F-11D3-BF4B-00C04F79EFBC}") = "IBLOBDocument", "IBLOBDocument\IBLOBDocument.csproj", "{683713FF-48C2-4D85-8D5A-873431BFF1D1}"
EndProject
Project("{FAE04EC0-301F-11D3-BF4B-00C04F79EFBC}") = "BRCommon", "BLOBRepoCommon\BRCommon.csproj", "{F8824920-0733-407C-8FD3-89A46A6620FE}"
EndProject
Global
	GlobalSection(SolutionConfigurationPlatforms) = preSolution
		Debug|Any CPU = Debug|Any CPU
		Debug|ARM = Debug|ARM
		Debug|x64 = Debug|x64
		Debug|x86 = Debug|x86
		Release|Any CPU = Release|Any CPU
		Release|ARM = Release|ARM
		Release|x64 = Release|x64
		Release|x86 = Release|x86
	EndGlobalSection
	GlobalSection(ProjectConfigurationPlatforms) = postSolution
		{5A7A8032-2DC2-44A0-86A3-D991D0E8495E}.Debug|Any CPU.ActiveCfg = Debug|Any CPU
		{5A7A8032-2DC2-44A0-86A3-D991D0E8495E}.Debug|Any CPU.Build.0 = Debug|Any CPU
		{5A7A8032-2DC2-44A0-86A3-D991D0E8495E}.Debug|ARM.ActiveCfg = Debug|Any CPU
		{5A7A8032-2DC2-44A0-86A3-D991D0E8495E}.Debug|ARM.Build.0 = Debug|Any CPU
		{5A7A8032-2DC2-44A0-86A3-D991D0E8495E}.Debug|x64.ActiveCfg = Debug|Any CPU
		{5A7A8032-2DC2-44A0-86A3-D991D0E8495E}.Debug|x64.Build.0 = Debug|Any CPU
		{5A7A8032-2DC2-44A0-86A3-D991D0E8495E}.Debug|x86.ActiveCfg = Debug|Any CPU
		{5A7A8032-2DC2-44A0-86A3-D991D0E8495E}.Debug|x86.Build.0 = Debug|Any CPU
		{5A7A8032-2DC2-44A0-86A3-D991D0E8495E}.Release|Any CPU.ActiveCfg = Release|Any CPU
		{5A7A8032-2DC2-44A0-86A3-D991D0E8495E}.Release|Any CPU.Build.0 = Release|Any CPU
		{5A7A8032-2DC2-44A0-86A3-D991D0E8495E}.Release|ARM.ActiveCfg = Release|Any CPU
		{5A7A8032-2DC2-44A0-86A3-D991D0E8495E}.Release|ARM.Build.0 = Release|Any CPU
		{5A7A8032-2DC2-44A0-86A3-D991D0E8495E}.Release|x64.ActiveCfg = Release|Any CPU
		{5A7A8032-2DC2-44A0-86A3-D991D0E8495E}.Release|x64.Build.0 = Release|Any CPU
		{5A7A8032-2DC2-44A0-86A3-D991D0E8495E}.Release|x86.ActiveCfg = Release|Any CPU
		{5A7A8032-2DC2-44A0-86A3-D991D0E8495E}.Release|x86.Build.0 = Release|Any CPU
		{49825491-E43D-4ABF-A9E2-E8C482B1D49A}.Debug|Any CPU.ActiveCfg = Debug|Any CPU
		{49825491-E43D-4ABF-A9E2-E8C482B1D49A}.Debug|Any CPU.Build.0 = Debug|Any CPU
		{49825491-E43D-4ABF-A9E2-E8C482B1D49A}.Debug|ARM.ActiveCfg = Debug|Any CPU
		{49825491-E43D-4ABF-A9E2-E8C482B1D49A}.Debug|ARM.Build.0 = Debug|Any CPU
		{49825491-E43D-4ABF-A9E2-E8C482B1D49A}.Debug|x64.ActiveCfg = Debug|Any CPU
		{49825491-E43D-4ABF-A9E2-E8C482B1D49A}.Debug|x64.Build.0 = Debug|Any CPU
		{49825491-E43D-4ABF-A9E2-E8C482B1D49A}.Debug|x86.ActiveCfg = Debug|Any CPU
		{49825491-E43D-4ABF-A9E2-E8C482B1D49A}.Debug|x86.Build.0 = Debug|Any CPU
		{49825491-E43D-4ABF-A9E2-E8C482B1D49A}.Release|Any CPU.ActiveCfg = Release|Any CPU
		{49825491-E43D-4ABF-A9E2-E8C482B1D49A}.Release|Any CPU.Build.0 = Release|Any CPU
		{49825491-E43D-4ABF-A9E2-E8C482B1D49A}.Release|ARM.ActiveCfg = Release|Any CPU
		{49825491-E43D-4ABF-A9E2-E8C482B1D49A}.Release|ARM.Build.0 = Release|Any CPU
		{49825491-E43D-4ABF-A9E2-E8C482B1D49A}.Release|x64.ActiveCfg = Release|Any CPU
		{49825491-E43D-4ABF-A9E2-E8C482B1D49A}.Release|x64.Build.0 = Release|Any CPU
		{49825491-E43D-4ABF-A9E2-E8C482B1D49A}.Release|x86.ActiveCfg = Release|Any CPU
		{49825491-E43D-4ABF-A9E2-E8C482B1D49A}.Release|x86.Build.0 = Release|Any CPU
		{4F4397E6-9D80-4EC3-B2F9-B353132F6691}.Debug|Any CPU.ActiveCfg = Debug|Any CPU
		{4F4397E6-9D80-4EC3-B2F9-B353132F6691}.Debug|Any CPU.Build.0 = Debug|Any CPU
		{4F4397E6-9D80-4EC3-B2F9-B353132F6691}.Debug|ARM.ActiveCfg = Debug|Any CPU
		{4F4397E6-9D80-4EC3-B2F9-B353132F6691}.Debug|ARM.Build.0 = Debug|Any CPU
		{4F4397E6-9D80-4EC3-B2F9-B353132F6691}.Debug|x64.ActiveCfg = Debug|Any CPU
		{4F4397E6-9D80-4EC3-B2F9-B353132F6691}.Debug|x64.Build.0 = Debug|Any CPU
		{4F4397E6-9D80-4EC3-B2F9-B353132F6691}.Debug|x86.ActiveCfg = Debug|Any CPU
		{4F4397E6-9D80-4EC3-B2F9-B353132F6691}.Debug|x86.Build.0 = Debug|Any CPU
		{4F4397E6-9D80-4EC3-B2F9-B353132F6691}.Release|Any CPU.ActiveCfg = Release|Any CPU
		{4F4397E6-9D80-4EC3-B2F9-B353132F6691}.Release|Any CPU.Build.0 = Release|Any CPU
		{4F4397E6-9D80-4EC3-B2F9-B353132F6691}.Release|ARM.ActiveCfg = Release|Any CPU
		{4F4397E6-9D80-4EC3-B2F9-B353132F6691}.Release|ARM.Build.0 = Release|Any CPU
		{4F4397E6-9D80-4EC3-B2F9-B353132F6691}.Release|x64.ActiveCfg = Release|Any CPU
		{4F4397E6-9D80-4EC3-B2F9-B353132F6691}.Release|x64.Build.0 = Release|Any CPU
		{4F4397E6-9D80-4EC3-B2F9-B353132F6691}.Release|x86.ActiveCfg = Release|Any CPU
		{4F4397E6-9D80-4EC3-B2F9-B353132F6691}.Release|x86.Build.0 = Release|Any CPU
		{CCCC18BC-A9B7-4D7A-92AF-FDAD1427F07A}.Debug|Any CPU.ActiveCfg = Debug|Any CPU
		{CCCC18BC-A9B7-4D7A-92AF-FDAD1427F07A}.Debug|Any CPU.Build.0 = Debug|Any CPU
		{CCCC18BC-A9B7-4D7A-92AF-FDAD1427F07A}.Debug|Any CPU.Deploy.0 = Debug|Any CPU
		{CCCC18BC-A9B7-4D7A-92AF-FDAD1427F07A}.Debug|ARM.ActiveCfg = Debug|Any CPU
		{CCCC18BC-A9B7-4D7A-92AF-FDAD1427F07A}.Debug|ARM.Build.0 = Debug|Any CPU
		{CCCC18BC-A9B7-4D7A-92AF-FDAD1427F07A}.Debug|x64.ActiveCfg = Debug|Any CPU
		{CCCC18BC-A9B7-4D7A-92AF-FDAD1427F07A}.Debug|x64.Build.0 = Debug|Any CPU
		{CCCC18BC-A9B7-4D7A-92AF-FDAD1427F07A}.Debug|x86.ActiveCfg = Debug|Any CPU
		{CCCC18BC-A9B7-4D7A-92AF-FDAD1427F07A}.Debug|x86.Build.0 = Debug|Any CPU
		{CCCC18BC-A9B7-4D7A-92AF-FDAD1427F07A}.Release|Any CPU.ActiveCfg = Release|Any CPU
		{CCCC18BC-A9B7-4D7A-92AF-FDAD1427F07A}.Release|Any CPU.Build.0 = Release|Any CPU
		{CCCC18BC-A9B7-4D7A-92AF-FDAD1427F07A}.Release|ARM.ActiveCfg = Release|Any CPU
		{CCCC18BC-A9B7-4D7A-92AF-FDAD1427F07A}.Release|ARM.Build.0 = Release|Any CPU
		{CCCC18BC-A9B7-4D7A-92AF-FDAD1427F07A}.Release|x64.ActiveCfg = Release|Any CPU
		{CCCC18BC-A9B7-4D7A-92AF-FDAD1427F07A}.Release|x64.Build.0 = Release|Any CPU
		{CCCC18BC-A9B7-4D7A-92AF-FDAD1427F07A}.Release|x86.ActiveCfg = Release|Any CPU
		{CCCC18BC-A9B7-4D7A-92AF-FDAD1427F07A}.Release|x86.Build.0 = Release|Any CPU
		{6B43AD7C-FA1C-411E-A535-C0226C675077}.Debug|Any CPU.ActiveCfg = Debug|Any CPU
		{6B43AD7C-FA1C-411E-A535-C0226C675077}.Debug|Any CPU.Build.0 = Debug|Any CPU
		{6B43AD7C-FA1C-411E-A535-C0226C675077}.Debug|ARM.ActiveCfg = Debug|Any CPU
		{6B43AD7C-FA1C-411E-A535-C0226C675077}.Debug|ARM.Build.0 = Debug|Any CPU
		{6B43AD7C-FA1C-411E-A535-C0226C675077}.Debug|x64.ActiveCfg = Debug|Any CPU
		{6B43AD7C-FA1C-411E-A535-C0226C675077}.Debug|x64.Build.0 = Debug|Any CPU
		{6B43AD7C-FA1C-411E-A535-C0226C675077}.Debug|x86.ActiveCfg = Debug|Any CPU
		{6B43AD7C-FA1C-411E-A535-C0226C675077}.Debug|x86.Build.0 = Debug|Any CPU
		{6B43AD7C-FA1C-411E-A535-C0226C675077}.Release|Any CPU.ActiveCfg = Release|Any CPU
		{6B43AD7C-FA1C-411E-A535-C0226C675077}.Release|Any CPU.Build.0 = Release|Any CPU
		{6B43AD7C-FA1C-411E-A535-C0226C675077}.Release|ARM.ActiveCfg = Release|Any CPU
		{6B43AD7C-FA1C-411E-A535-C0226C675077}.Release|ARM.Build.0 = Release|Any CPU
		{6B43AD7C-FA1C-411E-A535-C0226C675077}.Release|x64.ActiveCfg = Release|Any CPU
		{6B43AD7C-FA1C-411E-A535-C0226C675077}.Release|x64.Build.0 = Release|Any CPU
		{6B43AD7C-FA1C-411E-A535-C0226C675077}.Release|x86.ActiveCfg = Release|Any CPU
		{6B43AD7C-FA1C-411E-A535-C0226C675077}.Release|x86.Build.0 = Release|Any CPU
		{D47A29E6-90BF-4201-91F2-B1C2884B385D}.Debug|Any CPU.ActiveCfg = Debug|Any CPU
		{D47A29E6-90BF-4201-91F2-B1C2884B385D}.Debug|Any CPU.Build.0 = Debug|Any CPU
		{D47A29E6-90BF-4201-91F2-B1C2884B385D}.Debug|ARM.ActiveCfg = Debug|Any CPU
		{D47A29E6-90BF-4201-91F2-B1C2884B385D}.Debug|ARM.Build.0 = Debug|Any CPU
		{D47A29E6-90BF-4201-91F2-B1C2884B385D}.Debug|x64.ActiveCfg = Debug|Any CPU
		{D47A29E6-90BF-4201-91F2-B1C2884B385D}.Debug|x64.Build.0 = Debug|Any CPU
		{D47A29E6-90BF-4201-91F2-B1C2884B385D}.Debug|x86.ActiveCfg = Debug|Any CPU
		{D47A29E6-90BF-4201-91F2-B1C2884B385D}.Debug|x86.Build.0 = Debug|Any CPU
		{D47A29E6-90BF-4201-91F2-B1C2884B385D}.Release|Any CPU.ActiveCfg = Release|Any CPU
		{D47A29E6-90BF-4201-91F2-B1C2884B385D}.Release|Any CPU.Build.0 = Release|Any CPU
		{D47A29E6-90BF-4201-91F2-B1C2884B385D}.Release|ARM.ActiveCfg = Release|Any CPU
		{D47A29E6-90BF-4201-91F2-B1C2884B385D}.Release|ARM.Build.0 = Release|Any CPU
		{D47A29E6-90BF-4201-91F2-B1C2884B385D}.Release|x64.ActiveCfg = Release|Any CPU
		{D47A29E6-90BF-4201-91F2-B1C2884B385D}.Release|x64.Build.0 = Release|Any CPU
		{D47A29E6-90BF-4201-91F2-B1C2884B385D}.Release|x86.ActiveCfg = Release|Any CPU
		{D47A29E6-90BF-4201-91F2-B1C2884B385D}.Release|x86.Build.0 = Release|Any CPU
		{17AAF3CF-ADCE-4B13-B4A9-56931BB1C83C}.Debug|Any CPU.ActiveCfg = Debug|Any CPU
		{17AAF3CF-ADCE-4B13-B4A9-56931BB1C83C}.Debug|Any CPU.Build.0 = Debug|Any CPU
		{17AAF3CF-ADCE-4B13-B4A9-56931BB1C83C}.Debug|ARM.ActiveCfg = Debug|Any CPU
		{17AAF3CF-ADCE-4B13-B4A9-56931BB1C83C}.Debug|ARM.Build.0 = Debug|Any CPU
		{17AAF3CF-ADCE-4B13-B4A9-56931BB1C83C}.Debug|x64.ActiveCfg = Debug|Any CPU
		{17AAF3CF-ADCE-4B13-B4A9-56931BB1C83C}.Debug|x64.Build.0 = Debug|Any CPU
		{17AAF3CF-ADCE-4B13-B4A9-56931BB1C83C}.Debug|x86.ActiveCfg = Debug|Any CPU
		{17AAF3CF-ADCE-4B13-B4A9-56931BB1C83C}.Debug|x86.Build.0 = Debug|Any CPU
		{17AAF3CF-ADCE-4B13-B4A9-56931BB1C83C}.Release|Any CPU.ActiveCfg = Release|Any CPU
		{17AAF3CF-ADCE-4B13-B4A9-56931BB1C83C}.Release|Any CPU.Build.0 = Release|Any CPU
		{17AAF3CF-ADCE-4B13-B4A9-56931BB1C83C}.Release|ARM.ActiveCfg = Release|Any CPU
		{17AAF3CF-ADCE-4B13-B4A9-56931BB1C83C}.Release|ARM.Build.0 = Release|Any CPU
		{17AAF3CF-ADCE-4B13-B4A9-56931BB1C83C}.Release|x64.ActiveCfg = Release|Any CPU
		{17AAF3CF-ADCE-4B13-B4A9-56931BB1C83C}.Release|x64.Build.0 = Release|Any CPU
		{17AAF3CF-ADCE-4B13-B4A9-56931BB1C83C}.Release|x86.ActiveCfg = Release|Any CPU
		{17AAF3CF-ADCE-4B13-B4A9-56931BB1C83C}.Release|x86.Build.0 = Release|Any CPU
		{0A489CF2-AAFD-48BF-BC1D-2EE968839BC9}.Debug|Any CPU.ActiveCfg = Debug|Any CPU
		{0A489CF2-AAFD-48BF-BC1D-2EE968839BC9}.Debug|Any CPU.Build.0 = Debug|Any CPU
		{0A489CF2-AAFD-48BF-BC1D-2EE968839BC9}.Debug|ARM.ActiveCfg = Debug|Any CPU
		{0A489CF2-AAFD-48BF-BC1D-2EE968839BC9}.Debug|ARM.Build.0 = Debug|Any CPU
		{0A489CF2-AAFD-48BF-BC1D-2EE968839BC9}.Debug|x64.ActiveCfg = Debug|Any CPU
		{0A489CF2-AAFD-48BF-BC1D-2EE968839BC9}.Debug|x64.Build.0 = Debug|Any CPU
		{0A489CF2-AAFD-48BF-BC1D-2EE968839BC9}.Debug|x86.ActiveCfg = Debug|Any CPU
		{0A489CF2-AAFD-48BF-BC1D-2EE968839BC9}.Debug|x86.Build.0 = Debug|Any CPU
		{0A489CF2-AAFD-48BF-BC1D-2EE968839BC9}.Release|Any CPU.ActiveCfg = Release|Any CPU
		{0A489CF2-AAFD-48BF-BC1D-2EE968839BC9}.Release|Any CPU.Build.0 = Release|Any CPU
		{0A489CF2-AAFD-48BF-BC1D-2EE968839BC9}.Release|ARM.ActiveCfg = Release|Any CPU
		{0A489CF2-AAFD-48BF-BC1D-2EE968839BC9}.Release|ARM.Build.0 = Release|Any CPU
		{0A489CF2-AAFD-48BF-BC1D-2EE968839BC9}.Release|x64.ActiveCfg = Release|Any CPU
		{0A489CF2-AAFD-48BF-BC1D-2EE968839BC9}.Release|x64.Build.0 = Release|Any CPU
		{0A489CF2-AAFD-48BF-BC1D-2EE968839BC9}.Release|x86.ActiveCfg = Release|Any CPU
		{0A489CF2-AAFD-48BF-BC1D-2EE968839BC9}.Release|x86.Build.0 = Release|Any CPU
		{C1E06C68-8AA1-46BF-8218-A81FA40660AD}.Debug|Any CPU.ActiveCfg = Debug|Any CPU
		{C1E06C68-8AA1-46BF-8218-A81FA40660AD}.Debug|Any CPU.Build.0 = Debug|Any CPU
		{C1E06C68-8AA1-46BF-8218-A81FA40660AD}.Debug|ARM.ActiveCfg = Debug|Any CPU
		{C1E06C68-8AA1-46BF-8218-A81FA40660AD}.Debug|ARM.Build.0 = Debug|Any CPU
		{C1E06C68-8AA1-46BF-8218-A81FA40660AD}.Debug|x64.ActiveCfg = Debug|Any CPU
		{C1E06C68-8AA1-46BF-8218-A81FA40660AD}.Debug|x64.Build.0 = Debug|Any CPU
		{C1E06C68-8AA1-46BF-8218-A81FA40660AD}.Debug|x86.ActiveCfg = Debug|Any CPU
		{C1E06C68-8AA1-46BF-8218-A81FA40660AD}.Debug|x86.Build.0 = Debug|Any CPU
		{C1E06C68-8AA1-46BF-8218-A81FA40660AD}.Release|Any CPU.ActiveCfg = Release|Any CPU
		{C1E06C68-8AA1-46BF-8218-A81FA40660AD}.Release|Any CPU.Build.0 = Release|Any CPU
		{C1E06C68-8AA1-46BF-8218-A81FA40660AD}.Release|ARM.ActiveCfg = Release|Any CPU
		{C1E06C68-8AA1-46BF-8218-A81FA40660AD}.Release|ARM.Build.0 = Release|Any CPU
		{C1E06C68-8AA1-46BF-8218-A81FA40660AD}.Release|x64.ActiveCfg = Release|Any CPU
		{C1E06C68-8AA1-46BF-8218-A81FA40660AD}.Release|x64.Build.0 = Release|Any CPU
		{C1E06C68-8AA1-46BF-8218-A81FA40660AD}.Release|x86.ActiveCfg = Release|Any CPU
		{C1E06C68-8AA1-46BF-8218-A81FA40660AD}.Release|x86.Build.0 = Release|Any CPU
		{683713FF-48C2-4D85-8D5A-873431BFF1D1}.Debug|Any CPU.ActiveCfg = Debug|Any CPU
		{683713FF-48C2-4D85-8D5A-873431BFF1D1}.Debug|Any CPU.Build.0 = Debug|Any CPU
		{683713FF-48C2-4D85-8D5A-873431BFF1D1}.Debug|ARM.ActiveCfg = Debug|Any CPU
		{683713FF-48C2-4D85-8D5A-873431BFF1D1}.Debug|ARM.Build.0 = Debug|Any CPU
		{683713FF-48C2-4D85-8D5A-873431BFF1D1}.Debug|x64.ActiveCfg = Debug|Any CPU
		{683713FF-48C2-4D85-8D5A-873431BFF1D1}.Debug|x64.Build.0 = Debug|Any CPU
		{683713FF-48C2-4D85-8D5A-873431BFF1D1}.Debug|x86.ActiveCfg = Debug|Any CPU
		{683713FF-48C2-4D85-8D5A-873431BFF1D1}.Debug|x86.Build.0 = Debug|Any CPU
		{683713FF-48C2-4D85-8D5A-873431BFF1D1}.Release|Any CPU.ActiveCfg = Release|Any CPU
		{683713FF-48C2-4D85-8D5A-873431BFF1D1}.Release|Any CPU.Build.0 = Release|Any CPU
		{683713FF-48C2-4D85-8D5A-873431BFF1D1}.Release|ARM.ActiveCfg = Release|Any CPU
		{683713FF-48C2-4D85-8D5A-873431BFF1D1}.Release|ARM.Build.0 = Release|Any CPU
		{683713FF-48C2-4D85-8D5A-873431BFF1D1}.Release|x64.ActiveCfg = Release|Any CPU
		{683713FF-48C2-4D85-8D5A-873431BFF1D1}.Release|x64.Build.0 = Release|Any CPU
		{683713FF-48C2-4D85-8D5A-873431BFF1D1}.Release|x86.ActiveCfg = Release|Any CPU
		{683713FF-48C2-4D85-8D5A-873431BFF1D1}.Release|x86.Build.0 = Release|Any CPU
		{F8824920-0733-407C-8FD3-89A46A6620FE}.Debug|Any CPU.ActiveCfg = Debug|Any CPU
		{F8824920-0733-407C-8FD3-89A46A6620FE}.Debug|Any CPU.Build.0 = Debug|Any CPU
		{F8824920-0733-407C-8FD3-89A46A6620FE}.Debug|ARM.ActiveCfg = Debug|Any CPU
		{F8824920-0733-407C-8FD3-89A46A6620FE}.Debug|ARM.Build.0 = Debug|Any CPU
		{F8824920-0733-407C-8FD3-89A46A6620FE}.Debug|x64.ActiveCfg = Debug|Any CPU
		{F8824920-0733-407C-8FD3-89A46A6620FE}.Debug|x64.Build.0 = Debug|Any CPU
		{F8824920-0733-407C-8FD3-89A46A6620FE}.Debug|x86.ActiveCfg = Debug|Any CPU
		{F8824920-0733-407C-8FD3-89A46A6620FE}.Debug|x86.Build.0 = Debug|Any CPU
		{F8824920-0733-407C-8FD3-89A46A6620FE}.Release|Any CPU.ActiveCfg = Release|Any CPU
		{F8824920-0733-407C-8FD3-89A46A6620FE}.Release|Any CPU.Build.0 = Release|Any CPU
		{F8824920-0733-407C-8FD3-89A46A6620FE}.Release|ARM.ActiveCfg = Release|Any CPU
		{F8824920-0733-407C-8FD3-89A46A6620FE}.Release|ARM.Build.0 = Release|Any CPU
		{F8824920-0733-407C-8FD3-89A46A6620FE}.Release|x64.ActiveCfg = Release|Any CPU
		{F8824920-0733-407C-8FD3-89A46A6620FE}.Release|x64.Build.0 = Release|Any CPU
		{F8824920-0733-407C-8FD3-89A46A6620FE}.Release|x86.ActiveCfg = Release|Any CPU
		{F8824920-0733-407C-8FD3-89A46A6620FE}.Release|x86.Build.0 = Release|Any CPU
	EndGlobalSection
	GlobalSection(SolutionProperties) = preSolution
		HideSolutionNode = FALSE
	EndGlobalSection
EndGlobal
